// !$*UTF8*$!
{
	archiveVersion = 1;
	classes = {
	};
	objectVersion = 50;
	objects = {

/* Begin PBXBuildFile section */
		E1597BE52574AE0F00AE4E3F /* DTOKit.framework in Frameworks */ = {isa = PBXBuildFile; fileRef = E1597BDC2574AE0F00AE4E3F /* DTOKit.framework */; };
		E1597BEC2574AE0F00AE4E3F /* DTOKitTests.swift in Sources */ = {isa = PBXBuildFile; fileRef = E1597BEB2574AE0F00AE4E3F /* DTOKitTests.swift */; };
		E1597BEE2574AE0F00AE4E3F /* DTOKit.h in Headers */ = {isa = PBXBuildFile; fileRef = E1597BDE2574AE0F00AE4E3F /* DTOKit.h */; settings = {ATTRIBUTES = (Public, ); }; };
		E1597BF12574AE0F00AE4E3F /* DTOKit.framework in Frameworks */ = {isa = PBXBuildFile; fileRef = E1597BDC2574AE0F00AE4E3F /* DTOKit.framework */; };
		E1597BF22574AE0F00AE4E3F /* DTOKit.framework in Embed Frameworks */ = {isa = PBXBuildFile; fileRef = E1597BDC2574AE0F00AE4E3F /* DTOKit.framework */; settings = {ATTRIBUTES = (CodeSignOnCopy, RemoveHeadersOnCopy, ); }; };
		E1597BFC2574AEDF00AE4E3F /* BadCharactorModel.swift in Sources */ = {isa = PBXBuildFile; fileRef = E1597BF92574AEDF00AE4E3F /* BadCharactorModel.swift */; };
		E1597BFD2574AEDF00AE4E3F /* BadCharAPIEnvironment.swift in Sources */ = {isa = PBXBuildFile; fileRef = E1597BFA2574AEDF00AE4E3F /* BadCharAPIEnvironment.swift */; };
		E1597BFE2574AEDF00AE4E3F /* BadCharactorListingResource.swift in Sources */ = {isa = PBXBuildFile; fileRef = E1597BFB2574AEDF00AE4E3F /* BadCharactorListingResource.swift */; };
		E1597C032574B4F300AE4E3F /* BadCharacterCellView.swift in Sources */ = {isa = PBXBuildFile; fileRef = E1597BFF2574B4F200AE4E3F /* BadCharacterCellView.swift */; };
		E1597C042574B4F300AE4E3F /* DynamicValue.swift in Sources */ = {isa = PBXBuildFile; fileRef = E1597C002574B4F200AE4E3F /* DynamicValue.swift */; };
		E1597C052574B4F300AE4E3F /* BadCharacterListVC.swift in Sources */ = {isa = PBXBuildFile; fileRef = E1597C012574B4F200AE4E3F /* BadCharacterListVC.swift */; };
		E1597C062574B4F300AE4E3F /* BadCharacterViewModel.swift in Sources */ = {isa = PBXBuildFile; fileRef = E1597C022574B4F200AE4E3F /* BadCharacterViewModel.swift */; };
		E17C0F5C2575AE16006AED36 /* APIMethod.swift in Sources */ = {isa = PBXBuildFile; fileRef = E180FBE825745CF40023666F /* APIMethod.swift */; };
		E17C0F5D2575AE16006AED36 /* APIEnvironment.swift in Sources */ = {isa = PBXBuildFile; fileRef = E180FBE625745CF40023666F /* APIEnvironment.swift */; };
		E17C0F5F2575AE16006AED36 /* APIRequest.swift in Sources */ = {isa = PBXBuildFile; fileRef = E180FBE525745CF40023666F /* APIRequest.swift */; };
		E17C0F602575AE16006AED36 /* APIEndpoint.swift in Sources */ = {isa = PBXBuildFile; fileRef = E180FBE725745CF40023666F /* APIEndpoint.swift */; };
		E17C0F612575AE16006AED36 /* ImageRequest.swift in Sources */ = {isa = PBXBuildFile; fileRef = E180FBE925745CF40023666F /* ImageRequest.swift */; };
		E17C0F69257623D2006AED36 /* StoryboardLoadable.swift in Sources */ = {isa = PBXBuildFile; fileRef = E17C0F68257623D2006AED36 /* StoryboardLoadable.swift */; };
		E17C0F6D257624F5006AED36 /* ReuseIdentifier.swift in Sources */ = {isa = PBXBuildFile; fileRef = E17C0F6C257624F5006AED36 /* ReuseIdentifier.swift */; };
		E180FB93257458DB0023666F /* AppDelegate.swift in Sources */ = {isa = PBXBuildFile; fileRef = E180FB92257458DB0023666F /* AppDelegate.swift */; };
		E180FB95257458DB0023666F /* SceneDelegate.swift in Sources */ = {isa = PBXBuildFile; fileRef = E180FB94257458DB0023666F /* SceneDelegate.swift */; };
		E180FB9C257458DE0023666F /* Assets.xcassets in Resources */ = {isa = PBXBuildFile; fileRef = E180FB9B257458DE0023666F /* Assets.xcassets */; };
		E180FB9F257458DE0023666F /* LaunchScreen.storyboard in Resources */ = {isa = PBXBuildFile; fileRef = E180FB9D257458DE0023666F /* LaunchScreen.storyboard */; };
		E180FBAA257458DE0023666F /* BadCharExplorerTests.swift in Sources */ = {isa = PBXBuildFile; fileRef = E180FBA9257458DE0023666F /* BadCharExplorerTests.swift */; };
		E180FBB5257458DE0023666F /* BadCharExplorerUITests.swift in Sources */ = {isa = PBXBuildFile; fileRef = E180FBB4257458DE0023666F /* BadCharExplorerUITests.swift */; };
		E180FBD025745CCA0023666F /* NetworkKit.framework in Frameworks */ = {isa = PBXBuildFile; fileRef = E180FBC725745CCA0023666F /* NetworkKit.framework */; };
		E180FBD725745CCA0023666F /* NetworkKitTests.swift in Sources */ = {isa = PBXBuildFile; fileRef = E180FBD625745CCA0023666F /* NetworkKitTests.swift */; };
		E180FBD925745CCA0023666F /* NetworkKit.h in Headers */ = {isa = PBXBuildFile; fileRef = E180FBC925745CCA0023666F /* NetworkKit.h */; settings = {ATTRIBUTES = (Public, ); }; };
		E180FBDC25745CCA0023666F /* NetworkKit.framework in Frameworks */ = {isa = PBXBuildFile; fileRef = E180FBC725745CCA0023666F /* NetworkKit.framework */; };
		E180FBDD25745CCA0023666F /* NetworkKit.framework in Embed Frameworks */ = {isa = PBXBuildFile; fileRef = E180FBC725745CCA0023666F /* NetworkKit.framework */; settings = {ATTRIBUTES = (CodeSignOnCopy, RemoveHeadersOnCopy, ); }; };
		E19CE8CD2576294500D44BF7 /* BadCharacterListVC.storyboard in Resources */ = {isa = PBXBuildFile; fileRef = E19CE8CC2576294500D44BF7 /* BadCharacterListVC.storyboard */; };
/* End PBXBuildFile section */

/* Begin PBXContainerItemProxy section */
		E1597BE62574AE0F00AE4E3F /* PBXContainerItemProxy */ = {
			isa = PBXContainerItemProxy;
			containerPortal = E180FB87257458DB0023666F /* Project object */;
			proxyType = 1;
			remoteGlobalIDString = E1597BDB2574AE0F00AE4E3F;
			remoteInfo = DTOKit;
		};
		E1597BE82574AE0F00AE4E3F /* PBXContainerItemProxy */ = {
			isa = PBXContainerItemProxy;
			containerPortal = E180FB87257458DB0023666F /* Project object */;
			proxyType = 1;
			remoteGlobalIDString = E180FB8E257458DB0023666F;
			remoteInfo = BadCharExplorer;
		};
		E1597BEF2574AE0F00AE4E3F /* PBXContainerItemProxy */ = {
			isa = PBXContainerItemProxy;
			containerPortal = E180FB87257458DB0023666F /* Project object */;
			proxyType = 1;
			remoteGlobalIDString = E1597BDB2574AE0F00AE4E3F;
			remoteInfo = DTOKit;
		};
		E180FBA6257458DE0023666F /* PBXContainerItemProxy */ = {
			isa = PBXContainerItemProxy;
			containerPortal = E180FB87257458DB0023666F /* Project object */;
			proxyType = 1;
			remoteGlobalIDString = E180FB8E257458DB0023666F;
			remoteInfo = BadCharExplorer;
		};
		E180FBB1257458DE0023666F /* PBXContainerItemProxy */ = {
			isa = PBXContainerItemProxy;
			containerPortal = E180FB87257458DB0023666F /* Project object */;
			proxyType = 1;
			remoteGlobalIDString = E180FB8E257458DB0023666F;
			remoteInfo = BadCharExplorer;
		};
		E180FBD125745CCA0023666F /* PBXContainerItemProxy */ = {
			isa = PBXContainerItemProxy;
			containerPortal = E180FB87257458DB0023666F /* Project object */;
			proxyType = 1;
			remoteGlobalIDString = E180FBC625745CCA0023666F;
			remoteInfo = NetworkKit;
		};
		E180FBD325745CCA0023666F /* PBXContainerItemProxy */ = {
			isa = PBXContainerItemProxy;
			containerPortal = E180FB87257458DB0023666F /* Project object */;
			proxyType = 1;
			remoteGlobalIDString = E180FB8E257458DB0023666F;
			remoteInfo = BadCharExplorer;
		};
		E180FBDA25745CCA0023666F /* PBXContainerItemProxy */ = {
			isa = PBXContainerItemProxy;
			containerPortal = E180FB87257458DB0023666F /* Project object */;
			proxyType = 1;
			remoteGlobalIDString = E180FBC625745CCA0023666F;
			remoteInfo = NetworkKit;
		};
/* End PBXContainerItemProxy section */

/* Begin PBXCopyFilesBuildPhase section */
		E180FBE125745CCA0023666F /* Embed Frameworks */ = {
			isa = PBXCopyFilesBuildPhase;
			buildActionMask = 2147483647;
			dstPath = "";
			dstSubfolderSpec = 10;
			files = (
				E180FBDD25745CCA0023666F /* NetworkKit.framework in Embed Frameworks */,
				E1597BF22574AE0F00AE4E3F /* DTOKit.framework in Embed Frameworks */,
			);
			name = "Embed Frameworks";
			runOnlyForDeploymentPostprocessing = 0;
		};
/* End PBXCopyFilesBuildPhase section */

/* Begin PBXFileReference section */
		E1597BDC2574AE0F00AE4E3F /* DTOKit.framework */ = {isa = PBXFileReference; explicitFileType = wrapper.framework; includeInIndex = 0; path = DTOKit.framework; sourceTree = BUILT_PRODUCTS_DIR; };
		E1597BDE2574AE0F00AE4E3F /* DTOKit.h */ = {isa = PBXFileReference; lastKnownFileType = sourcecode.c.h; path = DTOKit.h; sourceTree = "<group>"; };
		E1597BDF2574AE0F00AE4E3F /* Info.plist */ = {isa = PBXFileReference; lastKnownFileType = text.plist.xml; path = Info.plist; sourceTree = "<group>"; };
		E1597BE42574AE0F00AE4E3F /* DTOKitTests.xctest */ = {isa = PBXFileReference; explicitFileType = wrapper.cfbundle; includeInIndex = 0; path = DTOKitTests.xctest; sourceTree = BUILT_PRODUCTS_DIR; };
		E1597BEB2574AE0F00AE4E3F /* DTOKitTests.swift */ = {isa = PBXFileReference; lastKnownFileType = sourcecode.swift; path = DTOKitTests.swift; sourceTree = "<group>"; };
		E1597BED2574AE0F00AE4E3F /* Info.plist */ = {isa = PBXFileReference; lastKnownFileType = text.plist.xml; path = Info.plist; sourceTree = "<group>"; };
		E1597BF92574AEDF00AE4E3F /* BadCharactorModel.swift */ = {isa = PBXFileReference; fileEncoding = 4; lastKnownFileType = sourcecode.swift; path = BadCharactorModel.swift; sourceTree = "<group>"; };
		E1597BFA2574AEDF00AE4E3F /* BadCharAPIEnvironment.swift */ = {isa = PBXFileReference; fileEncoding = 4; lastKnownFileType = sourcecode.swift; path = BadCharAPIEnvironment.swift; sourceTree = "<group>"; };
		E1597BFB2574AEDF00AE4E3F /* BadCharactorListingResource.swift */ = {isa = PBXFileReference; fileEncoding = 4; lastKnownFileType = sourcecode.swift; path = BadCharactorListingResource.swift; sourceTree = "<group>"; };
		E1597BFF2574B4F200AE4E3F /* BadCharacterCellView.swift */ = {isa = PBXFileReference; fileEncoding = 4; lastKnownFileType = sourcecode.swift; path = BadCharacterCellView.swift; sourceTree = "<group>"; };
		E1597C002574B4F200AE4E3F /* DynamicValue.swift */ = {isa = PBXFileReference; fileEncoding = 4; lastKnownFileType = sourcecode.swift; path = DynamicValue.swift; sourceTree = "<group>"; };
		E1597C012574B4F200AE4E3F /* BadCharacterListVC.swift */ = {isa = PBXFileReference; fileEncoding = 4; lastKnownFileType = sourcecode.swift; path = BadCharacterListVC.swift; sourceTree = "<group>"; };
		E1597C022574B4F200AE4E3F /* BadCharacterViewModel.swift */ = {isa = PBXFileReference; fileEncoding = 4; lastKnownFileType = sourcecode.swift; path = BadCharacterViewModel.swift; sourceTree = "<group>"; };
		E17C0F68257623D2006AED36 /* StoryboardLoadable.swift */ = {isa = PBXFileReference; lastKnownFileType = sourcecode.swift; path = StoryboardLoadable.swift; sourceTree = "<group>"; };
		E17C0F6C257624F5006AED36 /* ReuseIdentifier.swift */ = {isa = PBXFileReference; lastKnownFileType = sourcecode.swift; path = ReuseIdentifier.swift; sourceTree = "<group>"; };
		E180FB8F257458DB0023666F /* BadCharExplorer.app */ = {isa = PBXFileReference; explicitFileType = wrapper.application; includeInIndex = 0; path = BadCharExplorer.app; sourceTree = BUILT_PRODUCTS_DIR; };
		E180FB92257458DB0023666F /* AppDelegate.swift */ = {isa = PBXFileReference; lastKnownFileType = sourcecode.swift; path = AppDelegate.swift; sourceTree = "<group>"; };
		E180FB94257458DB0023666F /* SceneDelegate.swift */ = {isa = PBXFileReference; lastKnownFileType = sourcecode.swift; path = SceneDelegate.swift; sourceTree = "<group>"; };
		E180FB9B257458DE0023666F /* Assets.xcassets */ = {isa = PBXFileReference; lastKnownFileType = folder.assetcatalog; path = Assets.xcassets; sourceTree = "<group>"; };
		E180FB9E257458DE0023666F /* Base */ = {isa = PBXFileReference; lastKnownFileType = file.storyboard; name = Base; path = Base.lproj/LaunchScreen.storyboard; sourceTree = "<group>"; };
		E180FBA0257458DE0023666F /* Info.plist */ = {isa = PBXFileReference; lastKnownFileType = text.plist.xml; path = Info.plist; sourceTree = "<group>"; };
		E180FBA5257458DE0023666F /* BadCharExplorerTests.xctest */ = {isa = PBXFileReference; explicitFileType = wrapper.cfbundle; includeInIndex = 0; path = BadCharExplorerTests.xctest; sourceTree = BUILT_PRODUCTS_DIR; };
		E180FBA9257458DE0023666F /* BadCharExplorerTests.swift */ = {isa = PBXFileReference; lastKnownFileType = sourcecode.swift; path = BadCharExplorerTests.swift; sourceTree = "<group>"; };
		E180FBAB257458DE0023666F /* Info.plist */ = {isa = PBXFileReference; lastKnownFileType = text.plist.xml; path = Info.plist; sourceTree = "<group>"; };
		E180FBB0257458DE0023666F /* BadCharExplorerUITests.xctest */ = {isa = PBXFileReference; explicitFileType = wrapper.cfbundle; includeInIndex = 0; path = BadCharExplorerUITests.xctest; sourceTree = BUILT_PRODUCTS_DIR; };
		E180FBB4257458DE0023666F /* BadCharExplorerUITests.swift */ = {isa = PBXFileReference; lastKnownFileType = sourcecode.swift; path = BadCharExplorerUITests.swift; sourceTree = "<group>"; };
		E180FBB6257458DE0023666F /* Info.plist */ = {isa = PBXFileReference; lastKnownFileType = text.plist.xml; path = Info.plist; sourceTree = "<group>"; };
		E180FBC725745CCA0023666F /* NetworkKit.framework */ = {isa = PBXFileReference; explicitFileType = wrapper.framework; includeInIndex = 0; path = NetworkKit.framework; sourceTree = BUILT_PRODUCTS_DIR; };
		E180FBC925745CCA0023666F /* NetworkKit.h */ = {isa = PBXFileReference; lastKnownFileType = sourcecode.c.h; path = NetworkKit.h; sourceTree = "<group>"; };
		E180FBCA25745CCA0023666F /* Info.plist */ = {isa = PBXFileReference; lastKnownFileType = text.plist.xml; path = Info.plist; sourceTree = "<group>"; };
		E180FBCF25745CCA0023666F /* NetworkKitTests.xctest */ = {isa = PBXFileReference; explicitFileType = wrapper.cfbundle; includeInIndex = 0; path = NetworkKitTests.xctest; sourceTree = BUILT_PRODUCTS_DIR; };
		E180FBD625745CCA0023666F /* NetworkKitTests.swift */ = {isa = PBXFileReference; lastKnownFileType = sourcecode.swift; path = NetworkKitTests.swift; sourceTree = "<group>"; };
		E180FBD825745CCA0023666F /* Info.plist */ = {isa = PBXFileReference; lastKnownFileType = text.plist.xml; path = Info.plist; sourceTree = "<group>"; };
		E180FBE525745CF40023666F /* APIRequest.swift */ = {isa = PBXFileReference; fileEncoding = 4; lastKnownFileType = sourcecode.swift; path = APIRequest.swift; sourceTree = "<group>"; };
		E180FBE625745CF40023666F /* APIEnvironment.swift */ = {isa = PBXFileReference; fileEncoding = 4; lastKnownFileType = sourcecode.swift; path = APIEnvironment.swift; sourceTree = "<group>"; };
		E180FBE725745CF40023666F /* APIEndpoint.swift */ = {isa = PBXFileReference; fileEncoding = 4; lastKnownFileType = sourcecode.swift; path = APIEndpoint.swift; sourceTree = "<group>"; };
		E180FBE825745CF40023666F /* APIMethod.swift */ = {isa = PBXFileReference; fileEncoding = 4; lastKnownFileType = sourcecode.swift; path = APIMethod.swift; sourceTree = "<group>"; };
		E180FBE925745CF40023666F /* ImageRequest.swift */ = {isa = PBXFileReference; fileEncoding = 4; lastKnownFileType = sourcecode.swift; path = ImageRequest.swift; sourceTree = "<group>"; };
		E19CE8CC2576294500D44BF7 /* BadCharacterListVC.storyboard */ = {isa = PBXFileReference; fileEncoding = 4; lastKnownFileType = file.storyboard; path = BadCharacterListVC.storyboard; sourceTree = "<group>"; };
/* End PBXFileReference section */

/* Begin PBXFrameworksBuildPhase section */
		E1597BD92574AE0F00AE4E3F /* Frameworks */ = {
			isa = PBXFrameworksBuildPhase;
			buildActionMask = 2147483647;
			files = (
			);
			runOnlyForDeploymentPostprocessing = 0;
		};
		E1597BE12574AE0F00AE4E3F /* Frameworks */ = {
			isa = PBXFrameworksBuildPhase;
			buildActionMask = 2147483647;
			files = (
				E1597BE52574AE0F00AE4E3F /* DTOKit.framework in Frameworks */,
			);
			runOnlyForDeploymentPostprocessing = 0;
		};
		E180FB8C257458DB0023666F /* Frameworks */ = {
			isa = PBXFrameworksBuildPhase;
			buildActionMask = 2147483647;
			files = (
				E180FBDC25745CCA0023666F /* NetworkKit.framework in Frameworks */,
				E1597BF12574AE0F00AE4E3F /* DTOKit.framework in Frameworks */,
			);
			runOnlyForDeploymentPostprocessing = 0;
		};
		E180FBA2257458DE0023666F /* Frameworks */ = {
			isa = PBXFrameworksBuildPhase;
			buildActionMask = 2147483647;
			files = (
			);
			runOnlyForDeploymentPostprocessing = 0;
		};
		E180FBAD257458DE0023666F /* Frameworks */ = {
			isa = PBXFrameworksBuildPhase;
			buildActionMask = 2147483647;
			files = (
			);
			runOnlyForDeploymentPostprocessing = 0;
		};
		E180FBC425745CCA0023666F /* Frameworks */ = {
			isa = PBXFrameworksBuildPhase;
			buildActionMask = 2147483647;
			files = (
			);
			runOnlyForDeploymentPostprocessing = 0;
		};
		E180FBCC25745CCA0023666F /* Frameworks */ = {
			isa = PBXFrameworksBuildPhase;
			buildActionMask = 2147483647;
			files = (
				E180FBD025745CCA0023666F /* NetworkKit.framework in Frameworks */,
			);
			runOnlyForDeploymentPostprocessing = 0;
		};
/* End PBXFrameworksBuildPhase section */

/* Begin PBXGroup section */
		E1597BDD2574AE0F00AE4E3F /* DTOKit */ = {
			isa = PBXGroup;
			children = (
				E1597BDE2574AE0F00AE4E3F /* DTOKit.h */,
				E1597BFB2574AEDF00AE4E3F /* BadCharactorListingResource.swift */,
				E1597BF92574AEDF00AE4E3F /* BadCharactorModel.swift */,
				E1597BFA2574AEDF00AE4E3F /* BadCharAPIEnvironment.swift */,
				E1597BDF2574AE0F00AE4E3F /* Info.plist */,
			);
			path = DTOKit;
			sourceTree = "<group>";
		};
		E1597BEA2574AE0F00AE4E3F /* DTOKitTests */ = {
			isa = PBXGroup;
			children = (
				E1597BEB2574AE0F00AE4E3F /* DTOKitTests.swift */,
				E1597BED2574AE0F00AE4E3F /* Info.plist */,
			);
			path = DTOKitTests;
			sourceTree = "<group>";
		};
		E17C0F622575AEF7006AED36 /* Common */ = {
			isa = PBXGroup;
			children = (
				E180FB92257458DB0023666F /* AppDelegate.swift */,
				E180FB9D257458DE0023666F /* LaunchScreen.storyboard */,
				E180FB94257458DB0023666F /* SceneDelegate.swift */,
				E1597C002574B4F200AE4E3F /* DynamicValue.swift */,
				E17C0F68257623D2006AED36 /* StoryboardLoadable.swift */,
				E17C0F6C257624F5006AED36 /* ReuseIdentifier.swift */,
			);
			path = Common;
			sourceTree = "<group>";
		};
		E17C0F632575AF12006AED36 /* FeatureFlow */ = {
			isa = PBXGroup;
			children = (
				E17C0F642575AF35006AED36 /* BadCharactorListing */,
			);
			path = FeatureFlow;
			sourceTree = "<group>";
		};
		E17C0F642575AF35006AED36 /* BadCharactorListing */ = {
			isa = PBXGroup;
			children = (
				E1597C022574B4F200AE4E3F /* BadCharacterViewModel.swift */,
				E19CE8CC2576294500D44BF7 /* BadCharacterListVC.storyboard */,
				E1597BFF2574B4F200AE4E3F /* BadCharacterCellView.swift */,
				E1597C012574B4F200AE4E3F /* BadCharacterListVC.swift */,
			);
			path = BadCharactorListing;
			sourceTree = "<group>";
		};
		E180FB86257458DB0023666F = {
			isa = PBXGroup;
			children = (
				E180FB91257458DB0023666F /* BadCharExplorer */,
				E180FBA8257458DE0023666F /* BadCharExplorerTests */,
				E180FBB3257458DE0023666F /* BadCharExplorerUITests */,
				E180FBC825745CCA0023666F /* NetworkKit */,
				E180FBD525745CCA0023666F /* NetworkKitTests */,
				E1597BDD2574AE0F00AE4E3F /* DTOKit */,
				E1597BEA2574AE0F00AE4E3F /* DTOKitTests */,
				E180FB90257458DB0023666F /* Products */,
			);
			sourceTree = "<group>";
		};
		E180FB90257458DB0023666F /* Products */ = {
			isa = PBXGroup;
			children = (
				E180FB8F257458DB0023666F /* BadCharExplorer.app */,
				E180FBA5257458DE0023666F /* BadCharExplorerTests.xctest */,
				E180FBB0257458DE0023666F /* BadCharExplorerUITests.xctest */,
				E180FBC725745CCA0023666F /* NetworkKit.framework */,
				E180FBCF25745CCA0023666F /* NetworkKitTests.xctest */,
				E1597BDC2574AE0F00AE4E3F /* DTOKit.framework */,
				E1597BE42574AE0F00AE4E3F /* DTOKitTests.xctest */,
			);
			name = Products;
			sourceTree = "<group>";
		};
		E180FB91257458DB0023666F /* BadCharExplorer */ = {
			isa = PBXGroup;
			children = (
				E17C0F622575AEF7006AED36 /* Common */,
				E17C0F632575AF12006AED36 /* FeatureFlow */,
				E180FB9B257458DE0023666F /* Assets.xcassets */,
				E180FBA0257458DE0023666F /* Info.plist */,
			);
			path = BadCharExplorer;
			sourceTree = "<group>";
		};
		E180FBA8257458DE0023666F /* BadCharExplorerTests */ = {
			isa = PBXGroup;
			children = (
				E180FBA9257458DE0023666F /* BadCharExplorerTests.swift */,
				E180FBAB257458DE0023666F /* Info.plist */,
			);
			path = BadCharExplorerTests;
			sourceTree = "<group>";
		};
		E180FBB3257458DE0023666F /* BadCharExplorerUITests */ = {
			isa = PBXGroup;
			children = (
				E180FBB4257458DE0023666F /* BadCharExplorerUITests.swift */,
				E180FBB6257458DE0023666F /* Info.plist */,
			);
			path = BadCharExplorerUITests;
			sourceTree = "<group>";
		};
		E180FBC825745CCA0023666F /* NetworkKit */ = {
			isa = PBXGroup;
			children = (
				E180FBC925745CCA0023666F /* NetworkKit.h */,
				E180FBCA25745CCA0023666F /* Info.plist */,
				E180FBE625745CF40023666F /* APIEnvironment.swift */,
				E180FBE825745CF40023666F /* APIMethod.swift */,
				E180FBE725745CF40023666F /* APIEndpoint.swift */,
				E180FBE525745CF40023666F /* APIRequest.swift */,
				E180FBE925745CF40023666F /* ImageRequest.swift */,
			);
			path = NetworkKit;
			sourceTree = "<group>";
		};
		E180FBD525745CCA0023666F /* NetworkKitTests */ = {
			isa = PBXGroup;
			children = (
				E180FBD625745CCA0023666F /* NetworkKitTests.swift */,
				E180FBD825745CCA0023666F /* Info.plist */,
			);
			path = NetworkKitTests;
			sourceTree = "<group>";
		};
/* End PBXGroup section */

/* Begin PBXHeadersBuildPhase section */
		E1597BD72574AE0F00AE4E3F /* Headers */ = {
			isa = PBXHeadersBuildPhase;
			buildActionMask = 2147483647;
			files = (
				E1597BEE2574AE0F00AE4E3F /* DTOKit.h in Headers */,
			);
			runOnlyForDeploymentPostprocessing = 0;
		};
		E180FBC225745CCA0023666F /* Headers */ = {
			isa = PBXHeadersBuildPhase;
			buildActionMask = 2147483647;
			files = (
				E180FBD925745CCA0023666F /* NetworkKit.h in Headers */,
			);
			runOnlyForDeploymentPostprocessing = 0;
		};
/* End PBXHeadersBuildPhase section */

/* Begin PBXNativeTarget section */
		E1597BDB2574AE0F00AE4E3F /* DTOKit */ = {
			isa = PBXNativeTarget;
			buildConfigurationList = E1597BF72574AE0F00AE4E3F /* Build configuration list for PBXNativeTarget "DTOKit" */;
			buildPhases = (
				E1597BD72574AE0F00AE4E3F /* Headers */,
				E1597BD82574AE0F00AE4E3F /* Sources */,
				E1597BD92574AE0F00AE4E3F /* Frameworks */,
				E1597BDA2574AE0F00AE4E3F /* Resources */,
			);
			buildRules = (
			);
			dependencies = (
			);
			name = DTOKit;
			productName = DTOKit;
			productReference = E1597BDC2574AE0F00AE4E3F /* DTOKit.framework */;
			productType = "com.apple.product-type.framework";
		};
		E1597BE32574AE0F00AE4E3F /* DTOKitTests */ = {
			isa = PBXNativeTarget;
			buildConfigurationList = E1597BF82574AE0F00AE4E3F /* Build configuration list for PBXNativeTarget "DTOKitTests" */;
			buildPhases = (
				E1597BE02574AE0F00AE4E3F /* Sources */,
				E1597BE12574AE0F00AE4E3F /* Frameworks */,
				E1597BE22574AE0F00AE4E3F /* Resources */,
			);
			buildRules = (
			);
			dependencies = (
				E1597BE72574AE0F00AE4E3F /* PBXTargetDependency */,
				E1597BE92574AE0F00AE4E3F /* PBXTargetDependency */,
			);
			name = DTOKitTests;
			productName = DTOKitTests;
			productReference = E1597BE42574AE0F00AE4E3F /* DTOKitTests.xctest */;
			productType = "com.apple.product-type.bundle.unit-test";
		};
		E180FB8E257458DB0023666F /* BadCharExplorer */ = {
			isa = PBXNativeTarget;
			buildConfigurationList = E180FBB9257458DE0023666F /* Build configuration list for PBXNativeTarget "BadCharExplorer" */;
			buildPhases = (
				E180FB8B257458DB0023666F /* Sources */,
				E180FB8C257458DB0023666F /* Frameworks */,
				E180FB8D257458DB0023666F /* Resources */,
				E180FBE125745CCA0023666F /* Embed Frameworks */,
			);
			buildRules = (
			);
			dependencies = (
				E180FBDB25745CCA0023666F /* PBXTargetDependency */,
				E1597BF02574AE0F00AE4E3F /* PBXTargetDependency */,
			);
			name = BadCharExplorer;
			productName = BadCharExplorer;
			productReference = E180FB8F257458DB0023666F /* BadCharExplorer.app */;
			productType = "com.apple.product-type.application";
		};
		E180FBA4257458DE0023666F /* BadCharExplorerTests */ = {
			isa = PBXNativeTarget;
			buildConfigurationList = E180FBBC257458DE0023666F /* Build configuration list for PBXNativeTarget "BadCharExplorerTests" */;
			buildPhases = (
				E180FBA1257458DE0023666F /* Sources */,
				E180FBA2257458DE0023666F /* Frameworks */,
				E180FBA3257458DE0023666F /* Resources */,
			);
			buildRules = (
			);
			dependencies = (
				E180FBA7257458DE0023666F /* PBXTargetDependency */,
			);
			name = BadCharExplorerTests;
			productName = BadCharExplorerTests;
			productReference = E180FBA5257458DE0023666F /* BadCharExplorerTests.xctest */;
			productType = "com.apple.product-type.bundle.unit-test";
		};
		E180FBAF257458DE0023666F /* BadCharExplorerUITests */ = {
			isa = PBXNativeTarget;
			buildConfigurationList = E180FBBF257458DE0023666F /* Build configuration list for PBXNativeTarget "BadCharExplorerUITests" */;
			buildPhases = (
				E180FBAC257458DE0023666F /* Sources */,
				E180FBAD257458DE0023666F /* Frameworks */,
				E180FBAE257458DE0023666F /* Resources */,
			);
			buildRules = (
			);
			dependencies = (
				E180FBB2257458DE0023666F /* PBXTargetDependency */,
			);
			name = BadCharExplorerUITests;
			productName = BadCharExplorerUITests;
			productReference = E180FBB0257458DE0023666F /* BadCharExplorerUITests.xctest */;
			productType = "com.apple.product-type.bundle.ui-testing";
		};
		E180FBC625745CCA0023666F /* NetworkKit */ = {
			isa = PBXNativeTarget;
			buildConfigurationList = E180FBDE25745CCA0023666F /* Build configuration list for PBXNativeTarget "NetworkKit" */;
			buildPhases = (
				E180FBC225745CCA0023666F /* Headers */,
				E180FBC325745CCA0023666F /* Sources */,
				E180FBC425745CCA0023666F /* Frameworks */,
				E180FBC525745CCA0023666F /* Resources */,
			);
			buildRules = (
			);
			dependencies = (
			);
			name = NetworkKit;
			productName = NetworkKit;
			productReference = E180FBC725745CCA0023666F /* NetworkKit.framework */;
			productType = "com.apple.product-type.framework";
		};
		E180FBCE25745CCA0023666F /* NetworkKitTests */ = {
			isa = PBXNativeTarget;
			buildConfigurationList = E180FBE225745CCA0023666F /* Build configuration list for PBXNativeTarget "NetworkKitTests" */;
			buildPhases = (
				E180FBCB25745CCA0023666F /* Sources */,
				E180FBCC25745CCA0023666F /* Frameworks */,
				E180FBCD25745CCA0023666F /* Resources */,
			);
			buildRules = (
			);
			dependencies = (
				E180FBD225745CCA0023666F /* PBXTargetDependency */,
				E180FBD425745CCA0023666F /* PBXTargetDependency */,
			);
			name = NetworkKitTests;
			productName = NetworkKitTests;
			productReference = E180FBCF25745CCA0023666F /* NetworkKitTests.xctest */;
			productType = "com.apple.product-type.bundle.unit-test";
		};
/* End PBXNativeTarget section */

/* Begin PBXProject section */
		E180FB87257458DB0023666F /* Project object */ = {
			isa = PBXProject;
			attributes = {
				LastSwiftUpdateCheck = 1170;
				LastUpgradeCheck = 1170;
				ORGANIZATIONNAME = "Deepak Shukla";
				TargetAttributes = {
					E1597BDB2574AE0F00AE4E3F = {
						CreatedOnToolsVersion = 11.7;
						LastSwiftMigration = 1170;
					};
					E1597BE32574AE0F00AE4E3F = {
						CreatedOnToolsVersion = 11.7;
						TestTargetID = E180FB8E257458DB0023666F;
					};
					E180FB8E257458DB0023666F = {
						CreatedOnToolsVersion = 11.7;
					};
					E180FBA4257458DE0023666F = {
						CreatedOnToolsVersion = 11.7;
						TestTargetID = E180FB8E257458DB0023666F;
					};
					E180FBAF257458DE0023666F = {
						CreatedOnToolsVersion = 11.7;
						TestTargetID = E180FB8E257458DB0023666F;
					};
					E180FBC625745CCA0023666F = {
						CreatedOnToolsVersion = 11.7;
					};
					E180FBCE25745CCA0023666F = {
						CreatedOnToolsVersion = 11.7;
						TestTargetID = E180FB8E257458DB0023666F;
					};
				};
			};
			buildConfigurationList = E180FB8A257458DB0023666F /* Build configuration list for PBXProject "BadCharExplorer" */;
			compatibilityVersion = "Xcode 9.3";
			developmentRegion = en;
			hasScannedForEncodings = 0;
			knownRegions = (
				en,
				Base,
			);
			mainGroup = E180FB86257458DB0023666F;
			productRefGroup = E180FB90257458DB0023666F /* Products */;
			projectDirPath = "";
			projectRoot = "";
			targets = (
				E180FB8E257458DB0023666F /* BadCharExplorer */,
				E180FBA4257458DE0023666F /* BadCharExplorerTests */,
				E180FBAF257458DE0023666F /* BadCharExplorerUITests */,
				E180FBC625745CCA0023666F /* NetworkKit */,
				E180FBCE25745CCA0023666F /* NetworkKitTests */,
				E1597BDB2574AE0F00AE4E3F /* DTOKit */,
				E1597BE32574AE0F00AE4E3F /* DTOKitTests */,
			);
		};
/* End PBXProject section */

/* Begin PBXResourcesBuildPhase section */
		E1597BDA2574AE0F00AE4E3F /* Resources */ = {
			isa = PBXResourcesBuildPhase;
			buildActionMask = 2147483647;
			files = (
			);
			runOnlyForDeploymentPostprocessing = 0;
		};
		E1597BE22574AE0F00AE4E3F /* Resources */ = {
			isa = PBXResourcesBuildPhase;
			buildActionMask = 2147483647;
			files = (
			);
			runOnlyForDeploymentPostprocessing = 0;
		};
		E180FB8D257458DB0023666F /* Resources */ = {
			isa = PBXResourcesBuildPhase;
			buildActionMask = 2147483647;
			files = (
				E180FB9F257458DE0023666F /* LaunchScreen.storyboard in Resources */,
				E180FB9C257458DE0023666F /* Assets.xcassets in Resources */,
				E19CE8CD2576294500D44BF7 /* BadCharacterListVC.storyboard in Resources */,
			);
			runOnlyForDeploymentPostprocessing = 0;
		};
		E180FBA3257458DE0023666F /* Resources */ = {
			isa = PBXResourcesBuildPhase;
			buildActionMask = 2147483647;
			files = (
			);
			runOnlyForDeploymentPostprocessing = 0;
		};
		E180FBAE257458DE0023666F /* Resources */ = {
			isa = PBXResourcesBuildPhase;
			buildActionMask = 2147483647;
			files = (
			);
			runOnlyForDeploymentPostprocessing = 0;
		};
		E180FBC525745CCA0023666F /* Resources */ = {
			isa = PBXResourcesBuildPhase;
			buildActionMask = 2147483647;
			files = (
			);
			runOnlyForDeploymentPostprocessing = 0;
		};
		E180FBCD25745CCA0023666F /* Resources */ = {
			isa = PBXResourcesBuildPhase;
			buildActionMask = 2147483647;
			files = (
			);
			runOnlyForDeploymentPostprocessing = 0;
		};
/* End PBXResourcesBuildPhase section */

/* Begin PBXSourcesBuildPhase section */
		E1597BD82574AE0F00AE4E3F /* Sources */ = {
			isa = PBXSourcesBuildPhase;
			buildActionMask = 2147483647;
			files = (
				E1597BFD2574AEDF00AE4E3F /* BadCharAPIEnvironment.swift in Sources */,
				E1597BFE2574AEDF00AE4E3F /* BadCharactorListingResource.swift in Sources */,
				E1597BFC2574AEDF00AE4E3F /* BadCharactorModel.swift in Sources */,
			);
			runOnlyForDeploymentPostprocessing = 0;
		};
		E1597BE02574AE0F00AE4E3F /* Sources */ = {
			isa = PBXSourcesBuildPhase;
			buildActionMask = 2147483647;
			files = (
				E1597BEC2574AE0F00AE4E3F /* DTOKitTests.swift in Sources */,
			);
			runOnlyForDeploymentPostprocessing = 0;
		};
		E180FB8B257458DB0023666F /* Sources */ = {
			isa = PBXSourcesBuildPhase;
			buildActionMask = 2147483647;
			files = (
				E1597C032574B4F300AE4E3F /* BadCharacterCellView.swift in Sources */,
				E180FB93257458DB0023666F /* AppDelegate.swift in Sources */,
				E17C0F69257623D2006AED36 /* StoryboardLoadable.swift in Sources */,
				E180FB95257458DB0023666F /* SceneDelegate.swift in Sources */,
				E1597C052574B4F300AE4E3F /* BadCharacterListVC.swift in Sources */,
				E1597C062574B4F300AE4E3F /* BadCharacterViewModel.swift in Sources */,
				E17C0F6D257624F5006AED36 /* ReuseIdentifier.swift in Sources */,
				E1597C042574B4F300AE4E3F /* DynamicValue.swift in Sources */,
			);
			runOnlyForDeploymentPostprocessing = 0;
		};
		E180FBA1257458DE0023666F /* Sources */ = {
			isa = PBXSourcesBuildPhase;
			buildActionMask = 2147483647;
			files = (
				E180FBAA257458DE0023666F /* BadCharExplorerTests.swift in Sources */,
			);
			runOnlyForDeploymentPostprocessing = 0;
		};
		E180FBAC257458DE0023666F /* Sources */ = {
			isa = PBXSourcesBuildPhase;
			buildActionMask = 2147483647;
			files = (
				E180FBB5257458DE0023666F /* BadCharExplorerUITests.swift in Sources */,
			);
			runOnlyForDeploymentPostprocessing = 0;
		};
		E180FBC325745CCA0023666F /* Sources */ = {
			isa = PBXSourcesBuildPhase;
			buildActionMask = 2147483647;
			files = (
				E17C0F5D2575AE16006AED36 /* APIEnvironment.swift in Sources */,
				E17C0F612575AE16006AED36 /* ImageRequest.swift in Sources */,
				E17C0F5C2575AE16006AED36 /* APIMethod.swift in Sources */,
				E17C0F5F2575AE16006AED36 /* APIRequest.swift in Sources */,
				E17C0F602575AE16006AED36 /* APIEndpoint.swift in Sources */,
			);
			runOnlyForDeploymentPostprocessing = 0;
		};
		E180FBCB25745CCA0023666F /* Sources */ = {
			isa = PBXSourcesBuildPhase;
			buildActionMask = 2147483647;
			files = (
				E180FBD725745CCA0023666F /* NetworkKitTests.swift in Sources */,
			);
			runOnlyForDeploymentPostprocessing = 0;
		};
/* End PBXSourcesBuildPhase section */

/* Begin PBXTargetDependency section */
		E1597BE72574AE0F00AE4E3F /* PBXTargetDependency */ = {
			isa = PBXTargetDependency;
			target = E1597BDB2574AE0F00AE4E3F /* DTOKit */;
			targetProxy = E1597BE62574AE0F00AE4E3F /* PBXContainerItemProxy */;
		};
		E1597BE92574AE0F00AE4E3F /* PBXTargetDependency */ = {
			isa = PBXTargetDependency;
			target = E180FB8E257458DB0023666F /* BadCharExplorer */;
			targetProxy = E1597BE82574AE0F00AE4E3F /* PBXContainerItemProxy */;
		};
		E1597BF02574AE0F00AE4E3F /* PBXTargetDependency */ = {
			isa = PBXTargetDependency;
			target = E1597BDB2574AE0F00AE4E3F /* DTOKit */;
			targetProxy = E1597BEF2574AE0F00AE4E3F /* PBXContainerItemProxy */;
		};
		E180FBA7257458DE0023666F /* PBXTargetDependency */ = {
			isa = PBXTargetDependency;
			target = E180FB8E257458DB0023666F /* BadCharExplorer */;
			targetProxy = E180FBA6257458DE0023666F /* PBXContainerItemProxy */;
		};
		E180FBB2257458DE0023666F /* PBXTargetDependency */ = {
			isa = PBXTargetDependency;
			target = E180FB8E257458DB0023666F /* BadCharExplorer */;
			targetProxy = E180FBB1257458DE0023666F /* PBXContainerItemProxy */;
		};
		E180FBD225745CCA0023666F /* PBXTargetDependency */ = {
			isa = PBXTargetDependency;
			target = E180FBC625745CCA0023666F /* NetworkKit */;
			targetProxy = E180FBD125745CCA0023666F /* PBXContainerItemProxy */;
		};
		E180FBD425745CCA0023666F /* PBXTargetDependency */ = {
			isa = PBXTargetDependency;
			target = E180FB8E257458DB0023666F /* BadCharExplorer */;
			targetProxy = E180FBD325745CCA0023666F /* PBXContainerItemProxy */;
		};
		E180FBDB25745CCA0023666F /* PBXTargetDependency */ = {
			isa = PBXTargetDependency;
			target = E180FBC625745CCA0023666F /* NetworkKit */;
			targetProxy = E180FBDA25745CCA0023666F /* PBXContainerItemProxy */;
		};
/* End PBXTargetDependency section */

/* Begin PBXVariantGroup section */
		E180FB9D257458DE0023666F /* LaunchScreen.storyboard */ = {
			isa = PBXVariantGroup;
			children = (
				E180FB9E257458DE0023666F /* Base */,
			);
			name = LaunchScreen.storyboard;
			sourceTree = "<group>";
		};
/* End PBXVariantGroup section */

/* Begin XCBuildConfiguration section */
		E1597BF32574AE0F00AE4E3F /* Debug */ = {
			isa = XCBuildConfiguration;
			buildSettings = {
				CLANG_ENABLE_MODULES = YES;
				CODE_SIGN_STYLE = Automatic;
				CURRENT_PROJECT_VERSION = 1;
				DEFINES_MODULE = YES;
				DEVELOPMENT_TEAM = L657QLM37F;
				DYLIB_COMPATIBILITY_VERSION = 1;
				DYLIB_CURRENT_VERSION = 1;
				DYLIB_INSTALL_NAME_BASE = "@rpath";
				INFOPLIST_FILE = DTOKit/Info.plist;
				INSTALL_PATH = "$(LOCAL_LIBRARY_DIR)/Frameworks";
				LD_RUNPATH_SEARCH_PATHS = (
					"$(inherited)",
					"@executable_path/Frameworks",
					"@loader_path/Frameworks",
				);
				PRODUCT_BUNDLE_IDENTIFIER = com.deepak.testApp.DTOKit;
				PRODUCT_NAME = "$(TARGET_NAME:c99extidentifier)";
				SKIP_INSTALL = YES;
				SWIFT_OPTIMIZATION_LEVEL = "-Onone";
				SWIFT_VERSION = 5.0;
				TARGETED_DEVICE_FAMILY = "1,2";
				VERSIONING_SYSTEM = "apple-generic";
				VERSION_INFO_PREFIX = "";
			};
			name = Debug;
		};
		E1597BF42574AE0F00AE4E3F /* Release */ = {
			isa = XCBuildConfiguration;
			buildSettings = {
				CLANG_ENABLE_MODULES = YES;
				CODE_SIGN_STYLE = Automatic;
				CURRENT_PROJECT_VERSION = 1;
				DEFINES_MODULE = YES;
				DEVELOPMENT_TEAM = L657QLM37F;
				DYLIB_COMPATIBILITY_VERSION = 1;
				DYLIB_CURRENT_VERSION = 1;
				DYLIB_INSTALL_NAME_BASE = "@rpath";
				INFOPLIST_FILE = DTOKit/Info.plist;
				INSTALL_PATH = "$(LOCAL_LIBRARY_DIR)/Frameworks";
				LD_RUNPATH_SEARCH_PATHS = (
					"$(inherited)",
					"@executable_path/Frameworks",
					"@loader_path/Frameworks",
				);
				PRODUCT_BUNDLE_IDENTIFIER = com.deepak.testApp.DTOKit;
				PRODUCT_NAME = "$(TARGET_NAME:c99extidentifier)";
				SKIP_INSTALL = YES;
				SWIFT_VERSION = 5.0;
				TARGETED_DEVICE_FAMILY = "1,2";
				VERSIONING_SYSTEM = "apple-generic";
				VERSION_INFO_PREFIX = "";
			};
			name = Release;
		};
		E1597BF52574AE0F00AE4E3F /* Debug */ = {
			isa = XCBuildConfiguration;
			buildSettings = {
				ALWAYS_EMBED_SWIFT_STANDARD_LIBRARIES = YES;
				CODE_SIGN_STYLE = Automatic;
				DEVELOPMENT_TEAM = L657QLM37F;
				INFOPLIST_FILE = DTOKitTests/Info.plist;
				LD_RUNPATH_SEARCH_PATHS = (
					"$(inherited)",
					"@executable_path/Frameworks",
					"@loader_path/Frameworks",
				);
				PRODUCT_BUNDLE_IDENTIFIER = com.deepak.testApp.DTOKitTests;
				PRODUCT_NAME = "$(TARGET_NAME)";
				SWIFT_VERSION = 5.0;
				TARGETED_DEVICE_FAMILY = "1,2";
				TEST_HOST = "$(BUILT_PRODUCTS_DIR)/BadCharExplorer.app/BadCharExplorer";
			};
			name = Debug;
		};
		E1597BF62574AE0F00AE4E3F /* Release */ = {
			isa = XCBuildConfiguration;
			buildSettings = {
				ALWAYS_EMBED_SWIFT_STANDARD_LIBRARIES = YES;
				CODE_SIGN_STYLE = Automatic;
				DEVELOPMENT_TEAM = L657QLM37F;
				INFOPLIST_FILE = DTOKitTests/Info.plist;
				LD_RUNPATH_SEARCH_PATHS = (
					"$(inherited)",
					"@executable_path/Frameworks",
					"@loader_path/Frameworks",
				);
				PRODUCT_BUNDLE_IDENTIFIER = com.deepak.testApp.DTOKitTests;
				PRODUCT_NAME = "$(TARGET_NAME)";
				SWIFT_VERSION = 5.0;
				TARGETED_DEVICE_FAMILY = "1,2";
				TEST_HOST = "$(BUILT_PRODUCTS_DIR)/BadCharExplorer.app/BadCharExplorer";
			};
			name = Release;
		};
		E180FBB7257458DE0023666F /* Debug */ = {
			isa = XCBuildConfiguration;
			buildSettings = {
				ALWAYS_SEARCH_USER_PATHS = NO;
				CLANG_ANALYZER_NONNULL = YES;
				CLANG_ANALYZER_NUMBER_OBJECT_CONVERSION = YES_AGGRESSIVE;
				CLANG_CXX_LANGUAGE_STANDARD = "gnu++14";
				CLANG_CXX_LIBRARY = "libc++";
				CLANG_ENABLE_MODULES = YES;
				CLANG_ENABLE_OBJC_ARC = YES;
				CLANG_ENABLE_OBJC_WEAK = YES;
				CLANG_WARN_BLOCK_CAPTURE_AUTORELEASING = YES;
				CLANG_WARN_BOOL_CONVERSION = YES;
				CLANG_WARN_COMMA = YES;
				CLANG_WARN_CONSTANT_CONVERSION = YES;
				CLANG_WARN_DEPRECATED_OBJC_IMPLEMENTATIONS = YES;
				CLANG_WARN_DIRECT_OBJC_ISA_USAGE = YES_ERROR;
				CLANG_WARN_DOCUMENTATION_COMMENTS = YES;
				CLANG_WARN_EMPTY_BODY = YES;
				CLANG_WARN_ENUM_CONVERSION = YES;
				CLANG_WARN_INFINITE_RECURSION = YES;
				CLANG_WARN_INT_CONVERSION = YES;
				CLANG_WARN_NON_LITERAL_NULL_CONVERSION = YES;
				CLANG_WARN_OBJC_IMPLICIT_RETAIN_SELF = YES;
				CLANG_WARN_OBJC_LITERAL_CONVERSION = YES;
				CLANG_WARN_OBJC_ROOT_CLASS = YES_ERROR;
				CLANG_WARN_RANGE_LOOP_ANALYSIS = YES;
				CLANG_WARN_STRICT_PROTOTYPES = YES;
				CLANG_WARN_SUSPICIOUS_MOVE = YES;
				CLANG_WARN_UNGUARDED_AVAILABILITY = YES_AGGRESSIVE;
				CLANG_WARN_UNREACHABLE_CODE = YES;
				CLANG_WARN__DUPLICATE_METHOD_MATCH = YES;
				COPY_PHASE_STRIP = NO;
				DEBUG_INFORMATION_FORMAT = dwarf;
				ENABLE_STRICT_OBJC_MSGSEND = YES;
				ENABLE_TESTABILITY = YES;
				GCC_C_LANGUAGE_STANDARD = gnu11;
				GCC_DYNAMIC_NO_PIC = NO;
				GCC_NO_COMMON_BLOCKS = YES;
				GCC_OPTIMIZATION_LEVEL = 0;
				GCC_PREPROCESSOR_DEFINITIONS = (
					"DEBUG=1",
					"$(inherited)",
				);
				GCC_WARN_64_TO_32_BIT_CONVERSION = YES;
				GCC_WARN_ABOUT_RETURN_TYPE = YES_ERROR;
				GCC_WARN_UNDECLARED_SELECTOR = YES;
				GCC_WARN_UNINITIALIZED_AUTOS = YES_AGGRESSIVE;
				GCC_WARN_UNUSED_FUNCTION = YES;
				GCC_WARN_UNUSED_VARIABLE = YES;
				IPHONEOS_DEPLOYMENT_TARGET = 13.7;
				MTL_ENABLE_DEBUG_INFO = INCLUDE_SOURCE;
				MTL_FAST_MATH = YES;
				ONLY_ACTIVE_ARCH = YES;
				SDKROOT = iphoneos;
				SWIFT_ACTIVE_COMPILATION_CONDITIONS = DEBUG;
				SWIFT_OPTIMIZATION_LEVEL = "-Onone";
			};
			name = Debug;
		};
		E180FBB8257458DE0023666F /* Release */ = {
			isa = XCBuildConfiguration;
			buildSettings = {
				ALWAYS_SEARCH_USER_PATHS = NO;
				CLANG_ANALYZER_NONNULL = YES;
				CLANG_ANALYZER_NUMBER_OBJECT_CONVERSION = YES_AGGRESSIVE;
				CLANG_CXX_LANGUAGE_STANDARD = "gnu++14";
				CLANG_CXX_LIBRARY = "libc++";
				CLANG_ENABLE_MODULES = YES;
				CLANG_ENABLE_OBJC_ARC = YES;
				CLANG_ENABLE_OBJC_WEAK = YES;
				CLANG_WARN_BLOCK_CAPTURE_AUTORELEASING = YES;
				CLANG_WARN_BOOL_CONVERSION = YES;
				CLANG_WARN_COMMA = YES;
				CLANG_WARN_CONSTANT_CONVERSION = YES;
				CLANG_WARN_DEPRECATED_OBJC_IMPLEMENTATIONS = YES;
				CLANG_WARN_DIRECT_OBJC_ISA_USAGE = YES_ERROR;
				CLANG_WARN_DOCUMENTATION_COMMENTS = YES;
				CLANG_WARN_EMPTY_BODY = YES;
				CLANG_WARN_ENUM_CONVERSION = YES;
				CLANG_WARN_INFINITE_RECURSION = YES;
				CLANG_WARN_INT_CONVERSION = YES;
				CLANG_WARN_NON_LITERAL_NULL_CONVERSION = YES;
				CLANG_WARN_OBJC_IMPLICIT_RETAIN_SELF = YES;
				CLANG_WARN_OBJC_LITERAL_CONVERSION = YES;
				CLANG_WARN_OBJC_ROOT_CLASS = YES_ERROR;
				CLANG_WARN_RANGE_LOOP_ANALYSIS = YES;
				CLANG_WARN_STRICT_PROTOTYPES = YES;
				CLANG_WARN_SUSPICIOUS_MOVE = YES;
				CLANG_WARN_UNGUARDED_AVAILABILITY = YES_AGGRESSIVE;
				CLANG_WARN_UNREACHABLE_CODE = YES;
				CLANG_WARN__DUPLICATE_METHOD_MATCH = YES;
				COPY_PHASE_STRIP = NO;
				DEBUG_INFORMATION_FORMAT = "dwarf-with-dsym";
				ENABLE_NS_ASSERTIONS = NO;
				ENABLE_STRICT_OBJC_MSGSEND = YES;
				GCC_C_LANGUAGE_STANDARD = gnu11;
				GCC_NO_COMMON_BLOCKS = YES;
				GCC_WARN_64_TO_32_BIT_CONVERSION = YES;
				GCC_WARN_ABOUT_RETURN_TYPE = YES_ERROR;
				GCC_WARN_UNDECLARED_SELECTOR = YES;
				GCC_WARN_UNINITIALIZED_AUTOS = YES_AGGRESSIVE;
				GCC_WARN_UNUSED_FUNCTION = YES;
				GCC_WARN_UNUSED_VARIABLE = YES;
				IPHONEOS_DEPLOYMENT_TARGET = 13.7;
				MTL_ENABLE_DEBUG_INFO = NO;
				MTL_FAST_MATH = YES;
				SDKROOT = iphoneos;
				SWIFT_COMPILATION_MODE = wholemodule;
				SWIFT_OPTIMIZATION_LEVEL = "-O";
				VALIDATE_PRODUCT = YES;
			};
			name = Release;
		};
		E180FBBA257458DE0023666F /* Debug */ = {
			isa = XCBuildConfiguration;
			buildSettings = {
				ALWAYS_EMBED_SWIFT_STANDARD_LIBRARIES = YES;
				ASSETCATALOG_COMPILER_APPICON_NAME = AppIcon;
				CODE_SIGN_STYLE = Automatic;
				DEVELOPMENT_TEAM = L657QLM37F;
				INFOPLIST_FILE = BadCharExplorer/Info.plist;
				LD_RUNPATH_SEARCH_PATHS = (
					"$(inherited)",
					"@executable_path/Frameworks",
				);
				PRODUCT_BUNDLE_IDENTIFIER = com.deepak.testApp.BadCharExplorer;
				PRODUCT_NAME = "$(TARGET_NAME)";
				SWIFT_VERSION = 5.0;
				TARGETED_DEVICE_FAMILY = "1,2";
			};
			name = Debug;
		};
		E180FBBB257458DE0023666F /* Release */ = {
			isa = XCBuildConfiguration;
			buildSettings = {
				ALWAYS_EMBED_SWIFT_STANDARD_LIBRARIES = YES;
				ASSETCATALOG_COMPILER_APPICON_NAME = AppIcon;
				CODE_SIGN_STYLE = Automatic;
				DEVELOPMENT_TEAM = L657QLM37F;
				INFOPLIST_FILE = BadCharExplorer/Info.plist;
				LD_RUNPATH_SEARCH_PATHS = (
					"$(inherited)",
					"@executable_path/Frameworks",
				);
				PRODUCT_BUNDLE_IDENTIFIER = com.deepak.testApp.BadCharExplorer;
				PRODUCT_NAME = "$(TARGET_NAME)";
				SWIFT_VERSION = 5.0;
				TARGETED_DEVICE_FAMILY = "1,2";
			};
			name = Release;
		};
		E180FBBD257458DE0023666F /* Debug */ = {
			isa = XCBuildConfiguration;
			buildSettings = {
				ALWAYS_EMBED_SWIFT_STANDARD_LIBRARIES = YES;
				BUNDLE_LOADER = "$(TEST_HOST)";
				CODE_SIGN_STYLE = Automatic;
				DEVELOPMENT_TEAM = L657QLM37F;
				INFOPLIST_FILE = BadCharExplorerTests/Info.plist;
				IPHONEOS_DEPLOYMENT_TARGET = 13.7;
				LD_RUNPATH_SEARCH_PATHS = (
					"$(inherited)",
					"@executable_path/Frameworks",
					"@loader_path/Frameworks",
				);
				PRODUCT_BUNDLE_IDENTIFIER = com.deepak.testApp.BadCharExplorerTests;
				PRODUCT_NAME = "$(TARGET_NAME)";
				SWIFT_VERSION = 5.0;
				TARGETED_DEVICE_FAMILY = "1,2";
				TEST_HOST = "$(BUILT_PRODUCTS_DIR)/BadCharExplorer.app/BadCharExplorer";
			};
			name = Debug;
		};
		E180FBBE257458DE0023666F /* Release */ = {
			isa = XCBuildConfiguration;
			buildSettings = {
				ALWAYS_EMBED_SWIFT_STANDARD_LIBRARIES = YES;
				BUNDLE_LOADER = "$(TEST_HOST)";
				CODE_SIGN_STYLE = Automatic;
				DEVELOPMENT_TEAM = L657QLM37F;
				INFOPLIST_FILE = BadCharExplorerTests/Info.plist;
				IPHONEOS_DEPLOYMENT_TARGET = 13.7;
				LD_RUNPATH_SEARCH_PATHS = (
					"$(inherited)",
					"@executable_path/Frameworks",
					"@loader_path/Frameworks",
				);
				PRODUCT_BUNDLE_IDENTIFIER = com.deepak.testApp.BadCharExplorerTests;
				PRODUCT_NAME = "$(TARGET_NAME)";
				SWIFT_VERSION = 5.0;
				TARGETED_DEVICE_FAMILY = "1,2";
				TEST_HOST = "$(BUILT_PRODUCTS_DIR)/BadCharExplorer.app/BadCharExplorer";
			};
			name = Release;
		};
		E180FBC0257458DE0023666F /* Debug */ = {
			isa = XCBuildConfiguration;
			buildSettings = {
				ALWAYS_EMBED_SWIFT_STANDARD_LIBRARIES = YES;
				CODE_SIGN_STYLE = Automatic;
				DEVELOPMENT_TEAM = L657QLM37F;
				INFOPLIST_FILE = BadCharExplorerUITests/Info.plist;
				LD_RUNPATH_SEARCH_PATHS = (
					"$(inherited)",
					"@executable_path/Frameworks",
					"@loader_path/Frameworks",
				);
				PRODUCT_BUNDLE_IDENTIFIER = com.deepak.testApp.BadCharExplorerUITests;
				PRODUCT_NAME = "$(TARGET_NAME)";
				SWIFT_VERSION = 5.0;
				TARGETED_DEVICE_FAMILY = "1,2";
				TEST_TARGET_NAME = BadCharExplorer;
			};
			name = Debug;
		};
		E180FBC1257458DE0023666F /* Release */ = {
			isa = XCBuildConfiguration;
			buildSettings = {
				ALWAYS_EMBED_SWIFT_STANDARD_LIBRARIES = YES;
				CODE_SIGN_STYLE = Automatic;
				DEVELOPMENT_TEAM = L657QLM37F;
				INFOPLIST_FILE = BadCharExplorerUITests/Info.plist;
				LD_RUNPATH_SEARCH_PATHS = (
					"$(inherited)",
					"@executable_path/Frameworks",
					"@loader_path/Frameworks",
				);
				PRODUCT_BUNDLE_IDENTIFIER = com.deepak.testApp.BadCharExplorerUITests;
				PRODUCT_NAME = "$(TARGET_NAME)";
				SWIFT_VERSION = 5.0;
				TARGETED_DEVICE_FAMILY = "1,2";
				TEST_TARGET_NAME = BadCharExplorer;
			};
			name = Release;
		};
		E180FBDF25745CCA0023666F /* Debug */ = {
			isa = XCBuildConfiguration;
			buildSettings = {
				CODE_SIGN_STYLE = Automatic;
				CURRENT_PROJECT_VERSION = 1;
				DEFINES_MODULE = YES;
				DEVELOPMENT_TEAM = L657QLM37F;
				DYLIB_COMPATIBILITY_VERSION = 1;
				DYLIB_CURRENT_VERSION = 1;
				DYLIB_INSTALL_NAME_BASE = "@rpath";
				INFOPLIST_FILE = NetworkKit/Info.plist;
				INSTALL_PATH = "$(LOCAL_LIBRARY_DIR)/Frameworks";
				LD_RUNPATH_SEARCH_PATHS = (
					"$(inherited)",
					"@executable_path/Frameworks",
					"@loader_path/Frameworks",
				);
				PRODUCT_BUNDLE_IDENTIFIER = com.deepak.testApp.NetworkKit;
				PRODUCT_NAME = "$(TARGET_NAME:c99extidentifier)";
				SKIP_INSTALL = YES;
				SWIFT_VERSION = 5.0;
				TARGETED_DEVICE_FAMILY = "1,2";
				VERSIONING_SYSTEM = "apple-generic";
				VERSION_INFO_PREFIX = "";
			};
			name = Debug;
		};
		E180FBE025745CCA0023666F /* Release */ = {
			isa = XCBuildConfiguration;
			buildSettings = {
				CODE_SIGN_STYLE = Automatic;
				CURRENT_PROJECT_VERSION = 1;
				DEFINES_MODULE = YES;
				DEVELOPMENT_TEAM = L657QLM37F;
				DYLIB_COMPATIBILITY_VERSION = 1;
				DYLIB_CURRENT_VERSION = 1;
				DYLIB_INSTALL_NAME_BASE = "@rpath";
				INFOPLIST_FILE = NetworkKit/Info.plist;
				INSTALL_PATH = "$(LOCAL_LIBRARY_DIR)/Frameworks";
				LD_RUNPATH_SEARCH_PATHS = (
					"$(inherited)",
					"@executable_path/Frameworks",
					"@loader_path/Frameworks",
				);
				PRODUCT_BUNDLE_IDENTIFIER = com.deepak.testApp.NetworkKit;
				PRODUCT_NAME = "$(TARGET_NAME:c99extidentifier)";
				SKIP_INSTALL = YES;
				SWIFT_VERSION = 5.0;
				TARGETED_DEVICE_FAMILY = "1,2";
				VERSIONING_SYSTEM = "apple-generic";
				VERSION_INFO_PREFIX = "";
			};
			name = Release;
		};
		E180FBE325745CCA0023666F /* Debug */ = {
			isa = XCBuildConfiguration;
			buildSettings = {
				ALWAYS_EMBED_SWIFT_STANDARD_LIBRARIES = YES;
				CODE_SIGN_STYLE = Automatic;
				DEVELOPMENT_TEAM = L657QLM37F;
				INFOPLIST_FILE = NetworkKitTests/Info.plist;
				LD_RUNPATH_SEARCH_PATHS = (
					"$(inherited)",
					"@executable_path/Frameworks",
					"@loader_path/Frameworks",
				);
				PRODUCT_BUNDLE_IDENTIFIER = com.deepak.testApp.NetworkKitTests;
				PRODUCT_NAME = "$(TARGET_NAME)";
				SWIFT_VERSION = 5.0;
				TARGETED_DEVICE_FAMILY = "1,2";
				TEST_HOST = "$(BUILT_PRODUCTS_DIR)/BadCharExplorer.app/BadCharExplorer";
			};
			name = Debug;
		};
		E180FBE425745CCA0023666F /* Release */ = {
			isa = XCBuildConfiguration;
			buildSettings = {
				ALWAYS_EMBED_SWIFT_STANDARD_LIBRARIES = YES;
				CODE_SIGN_STYLE = Automatic;
				DEVELOPMENT_TEAM = L657QLM37F;
				INFOPLIST_FILE = NetworkKitTests/Info.plist;
				LD_RUNPATH_SEARCH_PATHS = (
					"$(inherited)",
					"@executable_path/Frameworks",
					"@loader_path/Frameworks",
				);
				PRODUCT_BUNDLE_IDENTIFIER = com.deepak.testApp.NetworkKitTests;
				PRODUCT_NAME = "$(TARGET_NAME)";
				SWIFT_VERSION = 5.0;
				TARGETED_DEVICE_FAMILY = "1,2";
				TEST_HOST = "$(BUILT_PRODUCTS_DIR)/BadCharExplorer.app/BadCharExplorer";
			};
			name = Release;
		};
/* End XCBuildConfiguration section */

/* Begin XCConfigurationList section */
		E1597BF72574AE0F00AE4E3F /* Build configuration list for PBXNativeTarget "DTOKit" */ = {
			isa = XCConfigurationList;
			buildConfigurations = (
				E1597BF32574AE0F00AE4E3F /* Debug */,
				E1597BF42574AE0F00AE4E3F /* Release */,
			);
			defaultConfigurationIsVisible = 0;
			defaultConfigurationName = Release;
		};
		E1597BF82574AE0F00AE4E3F /* Build configuration list for PBXNativeTarget "DTOKitTests" */ = {
			isa = XCConfigurationList;
			buildConfigurations = (
				E1597BF52574AE0F00AE4E3F /* Debug */,
				E1597BF62574AE0F00AE4E3F /* Release */,
			);
			defaultConfigurationIsVisible = 0;
			defaultConfigurationName = Release;
		};
		E180FB8A257458DB0023666F /* Build configuration list for PBXProject "BadCharExplorer" */ = {
			isa = XCConfigurationList;
			buildConfigurations = (
				E180FBB7257458DE0023666F /* Debug */,
				E180FBB8257458DE0023666F /* Release */,
			);
			defaultConfigurationIsVisible = 0;
			defaultConfigurationName = Release;
		};
		E180FBB9257458DE0023666F /* Build configuration list for PBXNativeTarget "BadCharExplorer" */ = {
			isa = XCConfigurationList;
			buildConfigurations = (
				E180FBBA257458DE0023666F /* Debug */,
				E180FBBB257458DE0023666F /* Release */,
			);
			defaultConfigurationIsVisible = 0;
			defaultConfigurationName = Release;
		};
		E180FBBC257458DE0023666F /* Build configuration list for PBXNativeTarget "BadCharExplorerTests" */ = {
			isa = XCConfigurationList;
			buildConfigurations = (
				E180FBBD257458DE0023666F /* Debug */,
				E180FBBE257458DE0023666F /* Release */,
			);
			defaultConfigurationIsVisible = 0;
			defaultConfigurationName = Release;
		};
		E180FBBF257458DE0023666F /* Build configuration list for PBXNativeTarget "BadCharExplorerUITests" */ = {
			isa = XCConfigurationList;
			buildConfigurations = (
				E180FBC0257458DE0023666F /* Debug */,
				E180FBC1257458DE0023666F /* Release */,
			);
			defaultConfigurationIsVisible = 0;
			defaultConfigurationName = Release;
		};
		E180FBDE25745CCA0023666F /* Build configuration list for PBXNativeTarget "NetworkKit" */ = {
			isa = XCConfigurationList;
			buildConfigurations = (
				E180FBDF25745CCA0023666F /* Debug */,
				E180FBE025745CCA0023666F /* Release */,
			);
			defaultConfigurationIsVisible = 0;
			defaultConfigurationName = Release;
		};
		E180FBE225745CCA0023666F /* Build configuration list for PBXNativeTarget "NetworkKitTests" */ = {
			isa = XCConfigurationList;
			buildConfigurations = (
				E180FBE325745CCA0023666F /* Debug */,
				E180FBE425745CCA0023666F /* Release */,
			);
			defaultConfigurationIsVisible = 0;
			defaultConfigurationName = Release;
		};
/* End XCConfigurationList section */
	};
	rootObject = E180FB87257458DB0023666F /* Project object */;
}
